<?xml version="1.0" encoding="utf-8"?>
<Project ToolsVersion="4.0" xmlns="http://schemas.microsoft.com/developer/msbuild/2003">
  <ItemGroup>
    <ClCompile Include="src\Camera.cpp">
      <Filter>Src</Filter>
    </ClCompile>
    <ClCompile Include="src\Controller.cpp">
      <Filter>Src</Filter>
    </ClCompile>
    <ClCompile Include="src\Game.cpp">
      <Filter>Src</Filter>
    </ClCompile>
    <ClCompile Include="src\Main.cpp">
      <Filter>Src</Filter>
    </ClCompile>
    <ClCompile Include="src\Mesh.cpp">
      <Filter>Src</Filter>
    </ClCompile>
    <ClCompile Include="src\Model.cpp">
      <Filter>Src</Filter>
    </ClCompile>
    <ClCompile Include="src\ObjectHandeler.cpp">
      <Filter>Src</Filter>
    </ClCompile>
    <ClCompile Include="src\Platform.cpp">
      <Filter>Src</Filter>
    </ClCompile>
    <ClCompile Include="src\Player.cpp">
      <Filter>Src</Filter>
    </ClCompile>
    <ClCompile Include="src\Scene.cpp">
      <Filter>Src</Filter>
    </ClCompile>
    <ClCompile Include="src\Shader.cpp">
      <Filter>Src</Filter>
    </ClCompile>
    <ClCompile Include="src\Transform.cpp">
      <Filter>Src</Filter>
    </ClCompile>
    <ClCompile Include="src\Window.cpp">
      <Filter>Src</Filter>
    </ClCompile>
    <ClCompile Include="src\Light.cpp">
      <Filter>Src</Filter>
    </ClCompile>
    <ClCompile Include="src\Skybox.cpp">
      <Filter>Src</Filter>
    </ClCompile>
    <ClCompile Include="src\Skybox.cpp">
      <Filter>Src</Filter>
    </ClCompile>
    <ClCompile Include="src\IMGUI\imgui.cpp">
      <Filter>IMGUI</Filter>
    </ClCompile>
    <ClCompile Include="src\IMGUI\imgui_demo.cpp">
      <Filter>IMGUI</Filter>
    </ClCompile>
    <ClCompile Include="src\IMGUI\imgui_draw.cpp">
      <Filter>IMGUI</Filter>
    </ClCompile>
    <ClCompile Include="src\IMGUI\imgui_impl_glfw.cpp">
      <Filter>IMGUI</Filter>
    </ClCompile>
    <ClCompile Include="src\IMGUI\imgui_impl_opengl3.cpp">
      <Filter>IMGUI</Filter>
    </ClCompile>
    <ClCompile Include="src\IMGUI\imgui_widgets.cpp">
      <Filter>IMGUI</Filter>
    </ClCompile>
    <ClCompile Include="src\ShadowMap.cpp">
      <Filter>Src</Filter>
    </ClCompile>
    <ClCompile Include="src\Bloom.cpp">
      <Filter>Src</Filter>
    </ClCompile>
    <ClCompile Include="src\ParticleSystem.cpp">
      <Filter>Src</Filter>
    </ClCompile>
    <ClCompile Include="src\Menu.cpp">
      <Filter>Src</Filter>
    </ClCompile>
    <ClCompile Include="src\Sky.cpp">
      <Filter>Src</Filter>
    </ClCompile>
    <ClCompile Include="src\PowerUp.cpp">
      <Filter>Src</Filter>
    </ClCompile>
    <ClCompile Include="src\PerlinNoise.cpp">
      <Filter>Src</Filter>
    </ClCompile>
    <ClCompile Include="src\MarchingCubes.cpp">
      <Filter>Src</Filter>
    </ClCompile>
    <ClCompile Include="src\DebugDrawer.cpp">
      <Filter>Src</Filter>
    </ClCompile>
    <ClCompile Include="src\Header Files\Ghost.cpp" />
  </ItemGroup>
  <ItemGroup>
    <ClInclude Include="src\Header Files\Camera.h">
      <Filter>Header</Filter>
    </ClInclude>
    <ClInclude Include="src\Header Files\Game.h">
      <Filter>Header</Filter>
    </ClInclude>
    <ClInclude Include="src\Header Files\Include.h">
      <Filter>Header</Filter>
    </ClInclude>
    <ClInclude Include="src\Header Files\Model.h">
      <Filter>Header</Filter>
    </ClInclude>
    <ClInclude Include="src\Header Files\Mesh.h">
      <Filter>Header</Filter>
    </ClInclude>
    <ClInclude Include="src\Header Files\ObjectHandler.h">
      <Filter>Header</Filter>
    </ClInclude>
    <ClInclude Include="src\Header Files\Platform.h">
      <Filter>Header</Filter>
    </ClInclude>
    <ClInclude Include="src\Header Files\Player.h">
      <Filter>Header</Filter>
    </ClInclude>
    <ClInclude Include="src\Header Files\Scene.h">
      <Filter>Header</Filter>
    </ClInclude>
    <ClInclude Include="src\Header Files\Window.h">
      <Filter>Header</Filter>
    </ClInclude>
    <ClInclude Include="src\Header Files\Shader.h">
      <Filter>Header</Filter>
    </ClInclude>
    <ClInclude Include="src\Header Files\Controller.h">
      <Filter>Header</Filter>
    </ClInclude>
    <ClInclude Include="src\Header Files\Transform.h">
      <Filter>Header</Filter>
    </ClInclude>
    <ClInclude Include="src\Header Files\Light.h">
      <Filter>Header</Filter>
    </ClInclude>
    <ClInclude Include="src\Header Files\stb_image.h">
      <Filter>Header</Filter>
    </ClInclude>
    <ClInclude Include="src\Header Files\Skybox.h">
      <Filter>Header</Filter>
    </ClInclude>
    <ClInclude Include="src\Header Files\DebugDrawer.h">
      <Filter>Header</Filter>
    </ClInclude>
    <ClInclude Include="src\IMGUI\imconfig.h">
      <Filter>IMGUI</Filter>
    </ClInclude>
    <ClInclude Include="src\IMGUI\imgui.h">
      <Filter>IMGUI</Filter>
    </ClInclude>
    <ClInclude Include="src\IMGUI\imgui_impl_glfw.h">
      <Filter>IMGUI</Filter>
    </ClInclude>
    <ClInclude Include="src\IMGUI\imgui_impl_opengl3.h">
      <Filter>IMGUI</Filter>
    </ClInclude>
    <ClInclude Include="src\IMGUI\imgui_internal.h">
      <Filter>IMGUI</Filter>
    </ClInclude>
    <ClInclude Include="src\IMGUI\imstb_rectpack.h">
      <Filter>IMGUI</Filter>
    </ClInclude>
    <ClInclude Include="src\IMGUI\imstb_textedit.h">
      <Filter>IMGUI</Filter>
    </ClInclude>
    <ClInclude Include="src\IMGUI\imstb_truetype.h">
      <Filter>IMGUI</Filter>
    </ClInclude>
    <ClInclude Include="src\Header Files\ShadowMap.h">
      <Filter>Header</Filter>
    </ClInclude>
    <ClInclude Include="src\Header Files\Bloom.h">
      <Filter>Header</Filter>
    </ClInclude>
    <ClInclude Include="src\Header Files\PowerUp.h">
      <Filter>Header</Filter>
    </ClInclude>
    <ClInclude Include="src\Header Files\ParticleSystem.h">
      <Filter>Header</Filter>
    </ClInclude>
    <ClInclude Include="src\Header Files\Menu.h">
      <Filter>Header</Filter>
    </ClInclude>
    <ClInclude Include="src\Header Files\Sky.h">
      <Filter>Header</Filter>
    </ClInclude>
    <ClInclude Include="src\Header Files\MarchingCubes.h">
      <Filter>Header</Filter>
    </ClInclude>
    <ClInclude Include="src\Header Files\PerlinNoise.h">
      <Filter>Header</Filter>
    </ClInclude>
    <ClInclude Include="src\Header Files\Ghost.h">
      <Filter>Header</Filter>
    </ClInclude>
  </ItemGroup>
  <ItemGroup>
    <None Include="src\Shaders\ShadowFS.glsl">
      <Filter>Shader</Filter>
    </None>
    <None Include="src\Shaders\ShadowVS.glsl">
      <Filter>Shader</Filter>
    </None>
    <None Include="src\Shaders\GaussianBlurFS.glsl">
      <Filter>Shader</Filter>
    </None>
    <None Include="src\Shaders\GaussianBlurVS.glsl">
      <Filter>Shader</Filter>
    </None>
    <None Include="src\Shaders\BloomFS.glsl">
      <Filter>Shader</Filter>
    </None>
    <None Include="src\Shaders\BloomVS.glsl">
      <Filter>Shader</Filter>
    </None>
    <None Include="src\Shaders\SceneFS.glsl">
      <Filter>Shader</Filter>
    </None>
    <None Include="src\Shaders\SceneVS.glsl">
      <Filter>Shader</Filter>
    </None>
    <None Include="src\Shaders\SkyboxFS.glsl">
      <Filter>Shader</Filter>
    </None>
    <None Include="src\Shaders\SkyboxVS.glsl">
      <Filter>Shader</Filter>
    </None>
    <None Include="src\Shaders\ParticleFS.glsl">
      <Filter>Shader</Filter>
    </None>
    <None Include="src\Shaders\ParticleVS.glsl">
      <Filter>Shader</Filter>
    </None>
    <None Include="src\Shaders\SkyDomeFS.glsl">
      <Filter>Shader</Filter>
    </None>
    <None Include="src\Shaders\SkyDomeVS.glsl">
      <Filter>Shader</Filter>
    </None>
    <None Include="src\Shaders\SkyPlaneFS.glsl">
      <Filter>Shader</Filter>
    </None>
    <None Include="src\Shaders\SkyPlaneVS.glsl">
      <Filter>Shader</Filter>
    </None>
  </ItemGroup>
  <ItemGroup>
    <Filter Include="Header">
      <UniqueIdentifier>{8553e790-b575-46bb-ad71-2a68b6cf2a87}</UniqueIdentifier>
    </Filter>
    <Filter Include="Src">
      <UniqueIdentifier>{dac914e8-e606-4861-9c55-91326296e66d}</UniqueIdentifier>
    </Filter>
    <Filter Include="Shader">
      <UniqueIdentifier>{7a8efa00-ef33-410f-9022-e3aef01fe013}</UniqueIdentifier>
    </Filter>
    <Filter Include="IMGUI">
      <UniqueIdentifier>{4f5c5f64-7647-40a7-8821-ed53f58d2dbb}</UniqueIdentifier>
    </Filter>
  </ItemGroup>
</Project>