<?xml version="1.0" encoding="utf-8"?>
<Project ToolsVersion="4.0" xmlns="http://schemas.microsoft.com/developer/msbuild/2003">
  <ItemGroup>
    <ClCompile Include="src\Camera.cpp" />
    <ClCompile Include="src\Game.cpp" />
    <ClCompile Include="src\Main.cpp" />
    <ClCompile Include="src\Mesh.cpp" />
    <ClCompile Include="src\Model.cpp" />
    <ClCompile Include="src\ObjectData.cpp" />
    <ClCompile Include="src\ObjectHandeler.cpp" />
    <ClCompile Include="src\Platform.cpp" />
    <ClCompile Include="src\Player.cpp" />
    <ClCompile Include="src\Scene.cpp" />
    <ClCompile Include="src\Shader.cpp" />
    <ClCompile Include="src\Window.cpp" />
    <ClCompile Include="src\Controller.cpp" />
  </ItemGroup>
  <ItemGroup>
    <ClInclude Include="src\Header Files\Camera.h">
      <Filter>Header</Filter>
    </ClInclude>
    <ClInclude Include="src\Header Files\Game.h">
      <Filter>Header</Filter>
    </ClInclude>
    <ClInclude Include="src\Header Files\Include.h">
      <Filter>Header</Filter>
    </ClInclude>
    <ClInclude Include="src\Header Files\Model.h">
      <Filter>Header</Filter>
    </ClInclude>
    <ClInclude Include="src\Header Files\Mesh.h">
      <Filter>Header</Filter>
    </ClInclude>
    <ClInclude Include="src\Header Files\ObjectData.h">
      <Filter>Header</Filter>
    </ClInclude>
    <ClInclude Include="src\Header Files\ObjectHandler.h">
      <Filter>Header</Filter>
    </ClInclude>
    <ClInclude Include="src\Header Files\Platform.h">
      <Filter>Header</Filter>
    </ClInclude>
    <ClInclude Include="src\Header Files\Player.h">
      <Filter>Header</Filter>
    </ClInclude>
    <ClInclude Include="src\Header Files\Scene.h">
      <Filter>Header</Filter>
    </ClInclude>
    <ClInclude Include="src\Header Files\Window.h">
      <Filter>Header</Filter>
    </ClInclude>
    <ClInclude Include="src\Header Files\Shader.h">
      <Filter>Header</Filter>
    </ClInclude>
    <ClInclude Include="src\Header Files\Controller.h">
      <Filter>Header</Filter>
    </ClInclude>
  </ItemGroup>
  <ItemGroup>
    <None Include="src\Shaders\FragmentShader.glsl" />
    <None Include="src\Shaders\VertexShader.glsl" />
  </ItemGroup>
  <ItemGroup>
    <Filter Include="Header">
      <UniqueIdentifier>{8553e790-b575-46bb-ad71-2a68b6cf2a87}</UniqueIdentifier>
    </Filter>
  </ItemGroup>
</Project>